
Microsoft Visual Studio Solution File, Format Version 12.00
# Visual Studio Version 16
VisualStudioVersion = 16.0.30611.23
MinimumVisualStudioVersion = 10.0.40219.1
Project("{FAE04EC0-301F-11D3-BF4B-00C04F79EFBC}") = "DemoWebFormsMVC", "DemoWebFormsMVC.csproj", "{1FF8B1E7-75B0-4949-A791-8F5A1CD022BC}"
EndProject
Global
	GlobalSection(SolutionConfigurationPlatforms) = preSolution
		Debug|Any CPU = Debug|Any CPU
		Release|Any CPU = Release|Any CPU
	EndGlobalSection
	GlobalSection(ProjectConfigurationPlatforms) = postSolution
		{1FF8B1E7-75B0-4949-A791-8F5A1CD022BC}.Debug|Any CPU.ActiveCfg = Debug|Any CPU
		{1FF8B1E7-75B0-4949-A791-8F5A1CD022BC}.Debug|Any CPU.Build.0 = Debug|Any CPU
		{1FF8B1E7-75B0-4949-A791-8F5A1CD022BC}.Release|Any CPU.ActiveCfg = Release|Any CPU
		{1FF8B1E7-75B0-4949-A791-8F5A1CD022BC}.Release|Any CPU.Build.0 = Release|Any CPU
	EndGlobalSection
	GlobalSection(SolutionProperties) = preSolution
		HideSolutionNode = FALSE
	EndGlobalSection
	GlobalSection(ExtensibilityGlobals) = postSolution
		SolutionGuid = {E2528FAD-B471-4B7B-B468-59027A62EAC7}
	EndGlobalSection
EndGlobal
